
Microsoft Visual Studio Solution File, Format Version 12.00
Project("{FAE04EC0-301F-11D3-BF4B-00C04F79EFBC}") = "Lift", "Lift\Lift.csproj", "{1388845D-278F-4CD0-AF0B-1A3435A589A6}"
EndProject
Global
	GlobalSection(SolutionConfigurationPlatforms) = preSolution
		Debug|Any CPU = Debug|Any CPU
		Release|Any CPU = Release|Any CPU
	EndGlobalSection
	GlobalSection(ProjectConfigurationPlatforms) = postSolution
		{1388845D-278F-4CD0-AF0B-1A3435A589A6}.Debug|Any CPU.ActiveCfg = Debug|Any CPU
		{1388845D-278F-4CD0-AF0B-1A3435A589A6}.Debug|Any CPU.Build.0 = Debug|Any CPU
		{1388845D-278F-4CD0-AF0B-1A3435A589A6}.Release|Any CPU.ActiveCfg = Release|Any CPU
		{1388845D-278F-4CD0-AF0B-1A3435A589A6}.Release|Any CPU.Build.0 = Release|Any CPU
	EndGlobalSection
EndGlobal
